dependencies:
- name: postgresql
  repository: https://charts.bitnami.com/bitnami
  version: 18.5.13
- name: redis
  repository: https://charts.bitnami.com/bitnami
  version: 25.3.8
- name: kubenest-operator-2
  repository: file://../op3/charts/kubenest-operator
  version: 2.0.0
digest: sha256:21c5ffa6cee1a8bcf66e0cd1cd4c651950a72dddbe076a456065ef519e0e7cc4
generated: "2026-03-24T09:47:48.474644+05:30"
