dependencies:
- name: postgresql
  repository: https://charts.bitnami.com/bitnami
  version: 18.5.13
- name: redis
  repository: https://charts.bitnami.com/bitnami
  version: 25.3.8
- name: kubenest-operator-2
  repository: oci://ghcr.io/kubenesthq
  version: 2.0.0
digest: sha256:15b33f12b964823d510662b063329c40e74debb4ce8d1a997b5a5796908cfc5c
generated: "2026-04-01T09:11:10.584385+05:30"
